
Microsoft Visual Studio Solution File, Format Version 12.00
# Visual Studio Version 16
VisualStudioVersion = 16.0.29215.179
MinimumVisualStudioVersion = 10.0.40219.1
Project("{FAE04EC0-301F-11D3-BF4B-00C04F79EFBC}") = "Worker", "Worker\Worker.csproj", "{6BE53597-E302-46C5-ABEE-361C59993111}"
EndProject
Project("{FAE04EC0-301F-11D3-BF4B-00C04F79EFBC}") = "Humans", "Humans\Humans.csproj", "{C22DF33D-6067-4C5C-89CF-E4287B57C967}"
EndProject
Global
	GlobalSection(SolutionConfigurationPlatforms) = preSolution
		Debug|Any CPU = Debug|Any CPU
		Release|Any CPU = Release|Any CPU
	EndGlobalSection
	GlobalSection(ProjectConfigurationPlatforms) = postSolution
		{6BE53597-E302-46C5-ABEE-361C59993111}.Debug|Any CPU.ActiveCfg = Debug|Any CPU
		{6BE53597-E302-46C5-ABEE-361C59993111}.Debug|Any CPU.Build.0 = Debug|Any CPU
		{6BE53597-E302-46C5-ABEE-361C59993111}.Release|Any CPU.ActiveCfg = Release|Any CPU
		{6BE53597-E302-46C5-ABEE-361C59993111}.Release|Any CPU.Build.0 = Release|Any CPU
		{C22DF33D-6067-4C5C-89CF-E4287B57C967}.Debug|Any CPU.ActiveCfg = Debug|Any CPU
		{C22DF33D-6067-4C5C-89CF-E4287B57C967}.Debug|Any CPU.Build.0 = Debug|Any CPU
		{C22DF33D-6067-4C5C-89CF-E4287B57C967}.Release|Any CPU.ActiveCfg = Release|Any CPU
		{C22DF33D-6067-4C5C-89CF-E4287B57C967}.Release|Any CPU.Build.0 = Release|Any CPU
	EndGlobalSection
	GlobalSection(SolutionProperties) = preSolution
		HideSolutionNode = FALSE
	EndGlobalSection
	GlobalSection(ExtensibilityGlobals) = postSolution
		SolutionGuid = {5120D307-3D95-42F1-961B-D462EF3E2E6B}
	EndGlobalSection
EndGlobal
